
Microsoft Visual Studio Solution File, Format Version 12.00
# Visual Studio Version 17
VisualStudioVersion = 17.2.32519.379
MinimumVisualStudioVersion = 10.0.40219.1
Project("{9A19103F-16F7-4668-BE54-9A1E7A4F7556}") = "BlazorTimer", "BlazorTimer.csproj", "{3924268A-80A3-4F9F-8339-552733B83E89}"
EndProject
Global
	GlobalSection(SolutionConfigurationPlatforms) = preSolution
		Debug|Any CPU = Debug|Any CPU
		Release|Any CPU = Release|Any CPU
	EndGlobalSection
	GlobalSection(ProjectConfigurationPlatforms) = postSolution
		{3924268A-80A3-4F9F-8339-552733B83E89}.Debug|Any CPU.ActiveCfg = Debug|Any CPU
		{3924268A-80A3-4F9F-8339-552733B83E89}.Debug|Any CPU.Build.0 = Debug|Any CPU
		{3924268A-80A3-4F9F-8339-552733B83E89}.Release|Any CPU.ActiveCfg = Release|Any CPU
		{3924268A-80A3-4F9F-8339-552733B83E89}.Release|Any CPU.Build.0 = Release|Any CPU
	EndGlobalSection
	GlobalSection(SolutionProperties) = preSolution
		HideSolutionNode = FALSE
	EndGlobalSection
	GlobalSection(ExtensibilityGlobals) = postSolution
		SolutionGuid = {2EE8130F-0FB7-4E3E-B366-390CFA9F0D81}
	EndGlobalSection
EndGlobal
